
Microsoft Visual Studio Solution File, Format Version 11.00
# Visual Studio 2010
Project("{FAE04EC0-301F-11D3-BF4B-00C04F79EFBC}") = "Assembly-CSharp", "Assembly-CSharp.csproj", "{BF6728FB-569C-64D6-4230-8346202BA296}"
EndProject
Project("{FAE04EC0-301F-11D3-BF4B-00C04F79EFBC}") = "Assembly-CSharp-Editor", "Assembly-CSharp-Editor.csproj", "{11C4B5E9-4483-DE00-C789-C8E610B5A793}"
EndProject
Global
	GlobalSection(SolutionConfigurationPlatforms) = preSolution
		Debug|Any CPU = Debug|Any CPU
		Release|Any CPU = Release|Any CPU
	EndGlobalSection
	GlobalSection(ProjectConfigurationPlatforms) = postSolution
		{BF6728FB-569C-64D6-4230-8346202BA296}.Debug|Any CPU.ActiveCfg = Debug|Any CPU
		{BF6728FB-569C-64D6-4230-8346202BA296}.Debug|Any CPU.Build.0 = Debug|Any CPU
		{BF6728FB-569C-64D6-4230-8346202BA296}.Release|Any CPU.ActiveCfg = Release|Any CPU
		{BF6728FB-569C-64D6-4230-8346202BA296}.Release|Any CPU.Build.0 = Release|Any CPU
		{11C4B5E9-4483-DE00-C789-C8E610B5A793}.Debug|Any CPU.ActiveCfg = Debug|Any CPU
		{11C4B5E9-4483-DE00-C789-C8E610B5A793}.Debug|Any CPU.Build.0 = Debug|Any CPU
		{11C4B5E9-4483-DE00-C789-C8E610B5A793}.Release|Any CPU.ActiveCfg = Release|Any CPU
		{11C4B5E9-4483-DE00-C789-C8E610B5A793}.Release|Any CPU.Build.0 = Release|Any CPU
	EndGlobalSection
	GlobalSection(SolutionProperties) = preSolution
		HideSolutionNode = FALSE
	EndGlobalSection
EndGlobal
